
Microsoft Visual Studio Solution File, Format Version 12.00
# Visual Studio Version 17
VisualStudioVersion = 17.5.2.0
MinimumVisualStudioVersion = 10.0.40219.1
Project("{FAE04EC0-301F-11D3-BF4B-00C04F79EFBC}") = "Atividade Sistemas de Gestão", "Atividade Sistemas de Gestão.csproj", "{34B4F2FC-E8F5-5A55-B252-C9B20EB75A92}"
EndProject
Global
	GlobalSection(SolutionConfigurationPlatforms) = preSolution
		Debug|Any CPU = Debug|Any CPU
		Release|Any CPU = Release|Any CPU
	EndGlobalSection
	GlobalSection(ProjectConfigurationPlatforms) = postSolution
		{34B4F2FC-E8F5-5A55-B252-C9B20EB75A92}.Debug|Any CPU.ActiveCfg = Debug|Any CPU
		{34B4F2FC-E8F5-5A55-B252-C9B20EB75A92}.Debug|Any CPU.Build.0 = Debug|Any CPU
		{34B4F2FC-E8F5-5A55-B252-C9B20EB75A92}.Release|Any CPU.ActiveCfg = Release|Any CPU
		{34B4F2FC-E8F5-5A55-B252-C9B20EB75A92}.Release|Any CPU.Build.0 = Release|Any CPU
	EndGlobalSection
	GlobalSection(SolutionProperties) = preSolution
		HideSolutionNode = FALSE
	EndGlobalSection
	GlobalSection(ExtensibilityGlobals) = postSolution
		SolutionGuid = {FD883FA1-4CB3-4E53-95AB-7523D832F1F6}
	EndGlobalSection
EndGlobal
